
Microsoft Visual Studio Solution File, Format Version 12.00
# Visual Studio 2012
VisualStudioVersion = 12.0.21005.1
MinimumVisualStudioVersion = 10.0.40219.1
Project("{FAE04EC0-301F-11D3-BF4B-00C04F79EFBC}") = "Civ-Gtk", "gtk\Civ-Gtk.csproj", "{07DE8279-5F40-43F9-8D7D-06E7B433AFAB}"
EndProject
Project("{FAE04EC0-301F-11D3-BF4B-00C04F79EFBC}") = "CivLibrary", "CivLib\CivLibrary.csproj", "{D0DA2F97-634B-4693-A73B-0C2241BA0C4C}"
EndProject
Project("{FAE04EC0-301F-11D3-BF4B-00C04F79EFBC}") = "DataBuild", "DataBuild\DataBuild.csproj", "{C4A783AA-E92A-4653-B7E5-01BC16101885}"
EndProject
Global
	GlobalSection(SolutionConfigurationPlatforms) = preSolution
		Debug|Any CPU = Debug|Any CPU
		Debug|Mixed Platforms = Debug|Mixed Platforms
		Debug|Win32 = Debug|Win32
		Debug|x86 = Debug|x86
		Release|Any CPU = Release|Any CPU
		Release|Mixed Platforms = Release|Mixed Platforms
		Release|Win32 = Release|Win32
		Release|x86 = Release|x86
		BuildData|Any CPU = BuildData|Any CPU
	EndGlobalSection
	GlobalSection(ProjectConfigurationPlatforms) = postSolution
		{07DE8279-5F40-43F9-8D7D-06E7B433AFAB}.BuildData|Any CPU.ActiveCfg = Debug|Any CPU
		{07DE8279-5F40-43F9-8D7D-06E7B433AFAB}.Debug|Any CPU.ActiveCfg = Debug|Any CPU
		{07DE8279-5F40-43F9-8D7D-06E7B433AFAB}.Debug|Any CPU.Build.0 = Debug|Any CPU
		{07DE8279-5F40-43F9-8D7D-06E7B433AFAB}.Debug|Mixed Platforms.ActiveCfg = Debug|Any CPU
		{07DE8279-5F40-43F9-8D7D-06E7B433AFAB}.Debug|Mixed Platforms.Build.0 = Debug|Any CPU
		{07DE8279-5F40-43F9-8D7D-06E7B433AFAB}.Debug|Win32.ActiveCfg = Debug|Any CPU
		{07DE8279-5F40-43F9-8D7D-06E7B433AFAB}.Debug|Win32.Build.0 = Debug|Any CPU
		{07DE8279-5F40-43F9-8D7D-06E7B433AFAB}.Debug|x86.ActiveCfg = Debug|Any CPU
		{07DE8279-5F40-43F9-8D7D-06E7B433AFAB}.Debug|x86.Build.0 = Debug|Any CPU
		{07DE8279-5F40-43F9-8D7D-06E7B433AFAB}.Release|Any CPU.ActiveCfg = Release|Any CPU
		{07DE8279-5F40-43F9-8D7D-06E7B433AFAB}.Release|Any CPU.Build.0 = Release|Any CPU
		{07DE8279-5F40-43F9-8D7D-06E7B433AFAB}.Release|Mixed Platforms.ActiveCfg = Release|Any CPU
		{07DE8279-5F40-43F9-8D7D-06E7B433AFAB}.Release|Mixed Platforms.Build.0 = Release|Any CPU
		{07DE8279-5F40-43F9-8D7D-06E7B433AFAB}.Release|Win32.ActiveCfg = Release|Any CPU
		{07DE8279-5F40-43F9-8D7D-06E7B433AFAB}.Release|Win32.Build.0 = Release|Any CPU
		{07DE8279-5F40-43F9-8D7D-06E7B433AFAB}.Release|x86.ActiveCfg = Release|Any CPU
		{07DE8279-5F40-43F9-8D7D-06E7B433AFAB}.Release|x86.Build.0 = Release|Any CPU
		{C4A783AA-E92A-4653-B7E5-01BC16101885}.BuildData|Any CPU.ActiveCfg = Debug|Any CPU
		{C4A783AA-E92A-4653-B7E5-01BC16101885}.BuildData|Any CPU.Build.0 = Debug|Any CPU
		{C4A783AA-E92A-4653-B7E5-01BC16101885}.Debug|Any CPU.ActiveCfg = Debug|Any CPU
		{C4A783AA-E92A-4653-B7E5-01BC16101885}.Debug|Any CPU.Build.0 = Debug|Any CPU
		{C4A783AA-E92A-4653-B7E5-01BC16101885}.Debug|Mixed Platforms.ActiveCfg = Debug|Any CPU
		{C4A783AA-E92A-4653-B7E5-01BC16101885}.Debug|Mixed Platforms.Build.0 = Debug|Any CPU
		{C4A783AA-E92A-4653-B7E5-01BC16101885}.Debug|Win32.ActiveCfg = Debug|Any CPU
		{C4A783AA-E92A-4653-B7E5-01BC16101885}.Debug|Win32.Build.0 = Debug|Any CPU
		{C4A783AA-E92A-4653-B7E5-01BC16101885}.Debug|x86.ActiveCfg = Debug|Any CPU
		{C4A783AA-E92A-4653-B7E5-01BC16101885}.Debug|x86.Build.0 = Debug|Any CPU
		{C4A783AA-E92A-4653-B7E5-01BC16101885}.Release|Any CPU.ActiveCfg = Release|Any CPU
		{C4A783AA-E92A-4653-B7E5-01BC16101885}.Release|Mixed Platforms.ActiveCfg = Release|Any CPU
		{C4A783AA-E92A-4653-B7E5-01BC16101885}.Release|Mixed Platforms.Build.0 = Release|Any CPU
		{C4A783AA-E92A-4653-B7E5-01BC16101885}.Release|Win32.ActiveCfg = Release|Any CPU
		{C4A783AA-E92A-4653-B7E5-01BC16101885}.Release|Win32.Build.0 = Release|Any CPU
		{C4A783AA-E92A-4653-B7E5-01BC16101885}.Release|x86.ActiveCfg = Release|Any CPU
		{C4A783AA-E92A-4653-B7E5-01BC16101885}.Release|x86.Build.0 = Release|Any CPU
		{D0DA2F97-634B-4693-A73B-0C2241BA0C4C}.BuildData|Any CPU.ActiveCfg = Debug|Any CPU
		{D0DA2F97-634B-4693-A73B-0C2241BA0C4C}.BuildData|Any CPU.Build.0 = Debug|Any CPU
		{D0DA2F97-634B-4693-A73B-0C2241BA0C4C}.Debug|Any CPU.ActiveCfg = Debug|Any CPU
		{D0DA2F97-634B-4693-A73B-0C2241BA0C4C}.Debug|Any CPU.Build.0 = Debug|Any CPU
		{D0DA2F97-634B-4693-A73B-0C2241BA0C4C}.Debug|Mixed Platforms.ActiveCfg = Debug|Any CPU
		{D0DA2F97-634B-4693-A73B-0C2241BA0C4C}.Debug|Mixed Platforms.Build.0 = Debug|Any CPU
		{D0DA2F97-634B-4693-A73B-0C2241BA0C4C}.Debug|Win32.ActiveCfg = Debug|Any CPU
		{D0DA2F97-634B-4693-A73B-0C2241BA0C4C}.Debug|Win32.Build.0 = Debug|Any CPU
		{D0DA2F97-634B-4693-A73B-0C2241BA0C4C}.Debug|x86.ActiveCfg = Debug|Any CPU
		{D0DA2F97-634B-4693-A73B-0C2241BA0C4C}.Debug|x86.Build.0 = Debug|Any CPU
		{D0DA2F97-634B-4693-A73B-0C2241BA0C4C}.Release|Any CPU.ActiveCfg = Release|Any CPU
		{D0DA2F97-634B-4693-A73B-0C2241BA0C4C}.Release|Any CPU.Build.0 = Release|Any CPU
		{D0DA2F97-634B-4693-A73B-0C2241BA0C4C}.Release|Mixed Platforms.ActiveCfg = Release|Any CPU
		{D0DA2F97-634B-4693-A73B-0C2241BA0C4C}.Release|Mixed Platforms.Build.0 = Release|Any CPU
		{D0DA2F97-634B-4693-A73B-0C2241BA0C4C}.Release|Win32.ActiveCfg = Release|Any CPU
		{D0DA2F97-634B-4693-A73B-0C2241BA0C4C}.Release|Win32.Build.0 = Release|Any CPU
		{D0DA2F97-634B-4693-A73B-0C2241BA0C4C}.Release|x86.ActiveCfg = Release|Any CPU
		{D0DA2F97-634B-4693-A73B-0C2241BA0C4C}.Release|x86.Build.0 = Release|Any CPU
		{56BBE7C1-FCC0-476B-9BC1-6D5695AFCED9}.Debug|Any CPU.ActiveCfg = Debug|Any CPU
		{56BBE7C1-FCC0-476B-9BC1-6D5695AFCED9}.Debug|Any CPU.Build.0 = Debug|Any CPU
		{56BBE7C1-FCC0-476B-9BC1-6D5695AFCED9}.Debug|Mixed Platforms.ActiveCfg = Debug|Any CPU
		{56BBE7C1-FCC0-476B-9BC1-6D5695AFCED9}.Debug|Mixed Platforms.Build.0 = Debug|Any CPU
		{56BBE7C1-FCC0-476B-9BC1-6D5695AFCED9}.Debug|Win32.ActiveCfg = Debug|Any CPU
		{56BBE7C1-FCC0-476B-9BC1-6D5695AFCED9}.Debug|x86.ActiveCfg = Debug|Any CPU
		{56BBE7C1-FCC0-476B-9BC1-6D5695AFCED9}.Release|Any CPU.ActiveCfg = Release|Any CPU
		{56BBE7C1-FCC0-476B-9BC1-6D5695AFCED9}.Release|Any CPU.Build.0 = Release|Any CPU
		{56BBE7C1-FCC0-476B-9BC1-6D5695AFCED9}.Release|Mixed Platforms.ActiveCfg = Release|Any CPU
		{56BBE7C1-FCC0-476B-9BC1-6D5695AFCED9}.Release|Mixed Platforms.Build.0 = Release|Any CPU
		{56BBE7C1-FCC0-476B-9BC1-6D5695AFCED9}.Release|Win32.ActiveCfg = Release|Any CPU
		{56BBE7C1-FCC0-476B-9BC1-6D5695AFCED9}.Release|x86.ActiveCfg = Release|Any CPU
	EndGlobalSection
	GlobalSection(MonoDevelopProperties) = preSolution
		Policies = $0
		$0.TextStylePolicy = $1
		$1.TabsToSpaces = False
		$1.inheritsSet = VisualStudio
		$1.inheritsScope = text/plain
		$1.scope = text/x-csharp
		$0.CSharpFormattingPolicy = $2
		$2.IndentSwitchBody = True
		$2.AutoPropertyFormatting = ForceOneLine
		$2.AnonymousMethodBraceStyle = NextLine
		$2.PropertyBraceStyle = NextLine
		$2.PropertyGetBraceStyle = NextLine
		$2.PropertySetBraceStyle = NextLine
		$2.EventBraceStyle = NextLine
		$2.EventAddBraceStyle = NextLine
		$2.EventRemoveBraceStyle = NextLine
		$2.StatementBraceStyle = NextLine
		$2.ElseNewLinePlacement = NewLine
		$2.CatchNewLinePlacement = NewLine
		$2.FinallyNewLinePlacement = NewLine
		$2.WhileNewLinePlacement = NewLine
		$2.ArrayInitializerBraceStyle = NextLine
		$2.NewLineBeforeConstructorInitializerColon = NewLine
		$2.NewLineAfterConstructorInitializerColon = SameLine
		$2.AfterDelegateDeclarationParameterComma = True
		$2.BeforeSizeOfParentheses = True
		$2.BeforeTypeOfParentheses = True
		$2.SpacesBeforeArrayDeclarationBrackets = True
		$2.MethodCallArgumentWrapping = WrapIfTooLong
		$2.MethodDeclarationParameterWrapping = WrapIfTooLong
		$2.IndexerDeclarationParameterWrapping = WrapIfTooLong
		$2.IndexerArgumentWrapping = WrapIfTooLong
		$2.inheritsSet = Mono
		$2.inheritsScope = text/x-csharp
		$2.scope = text/x-csharp
	EndGlobalSection
EndGlobal
