
Microsoft Visual Studio Solution File, Format Version 11.00
# Visual Studio 2010
Project("{FAE04EC0-301F-11D3-BF4B-00C04F79EFBC}") = "Store", "Store\Store.csproj", "{B5651422-0901-4E7F-976A-A4F7893267CA}"
EndProject
Project("{FAE04EC0-301F-11D3-BF4B-00C04F79EFBC}") = "Test", "Test\Test.csproj", "{64636432-45E4-4A10-B84C-E5049BC794D8}"
EndProject
Global
	GlobalSection(SolutionConfigurationPlatforms) = preSolution
		Debug|Any CPU = Debug|Any CPU
		Release|Any CPU = Release|Any CPU
	EndGlobalSection
	GlobalSection(ProjectConfigurationPlatforms) = postSolution
		{64636432-45E4-4A10-B84C-E5049BC794D8}.Debug|Any CPU.ActiveCfg = Debug|Any CPU
		{64636432-45E4-4A10-B84C-E5049BC794D8}.Debug|Any CPU.Build.0 = Debug|Any CPU
		{64636432-45E4-4A10-B84C-E5049BC794D8}.Release|Any CPU.ActiveCfg = Release|Any CPU
		{64636432-45E4-4A10-B84C-E5049BC794D8}.Release|Any CPU.Build.0 = Release|Any CPU
		{B5651422-0901-4E7F-976A-A4F7893267CA}.Debug|Any CPU.ActiveCfg = Debug|Any CPU
		{B5651422-0901-4E7F-976A-A4F7893267CA}.Debug|Any CPU.Build.0 = Debug|Any CPU
		{B5651422-0901-4E7F-976A-A4F7893267CA}.Release|Any CPU.ActiveCfg = Release|Any CPU
		{B5651422-0901-4E7F-976A-A4F7893267CA}.Release|Any CPU.Build.0 = Release|Any CPU
	EndGlobalSection
	GlobalSection(MonoDevelopProperties) = preSolution
		StartupItem = Test\Test.csproj
	EndGlobalSection
EndGlobal
